{
  "version": 4,
  "terraform_version": "1.8.5",
  "serial": 74,
  "lineage": "aa5a0e61-66be-c29b-1326-b433b57ac1f6",
  "outputs": {},
  "resources": [
    {
      "module": "module.tbastion_module",
      "mode": "data",
      "type": "azurerm_public_ip",
      "name": "bastionpip",
      "provider": "provider[\"registry.terraform.io/hashicorp/azurerm\"]",
      "instances": [
        {
          "schema_version": 0,
          "attributes": {
            "allocation_method": "Static",
            "ddos_protection_mode": "VirtualNetworkInherited",
            "ddos_protection_plan_id": null,
            "domain_name_label": "",
            "fqdn": "",
            "id": "/subscriptions/a1077f3f-5356-42c5-85f8-509319827796/resourceGroups/trg261/providers/Microsoft.Network/publicIPAddresses/tpip261",
            "idle_timeout_in_minutes": 4,
            "ip_address": "4.213.98.134",
            "ip_tags": {},
            "ip_version": "IPv4",
            "location": "centralindia",
            "name": "tpip261",
            "resource_group_name": "trg261",
            "reverse_fqdn": "",
            "sku": "Standard",
            "tags": {},
            "timeouts": null,
            "zones": []
          },
          "sensitive_attributes": []
        }
      ]
    },
    {
      "module": "module.tbastion_module",
      "mode": "data",
      "type": "azurerm_subnet",
      "name": "bastionsnetdata",
      "provider": "provider[\"registry.terraform.io/hashicorp/azurerm\"]",
      "instances": [
        {
          "schema_version": 0,
          "attributes": {
            "address_prefix": "10.172.2.0/26",
            "address_prefixes": [
              "10.172.2.0/26"
            ],
            "default_outbound_access_enabled": true,
            "enforce_private_link_endpoint_network_policies": false,
            "enforce_private_link_service_network_policies": false,
            "id": "/subscriptions/a1077f3f-5356-42c5-85f8-509319827796/resourceGroups/trg261/providers/Microsoft.Network/virtualNetworks/tvnet261/subnets/AzureBastionSubnet",
            "name": "AzureBastionSubnet",
            "network_security_group_id": "",
            "private_endpoint_network_policies": "Enabled",
            "private_endpoint_network_policies_enabled": true,
            "private_link_service_network_policies_enabled": true,
            "resource_group_name": "trg261",
            "route_table_id": "",
            "service_endpoints": [],
            "timeouts": null,
            "virtual_network_name": "tvnet261"
          },
          "sensitive_attributes": []
        }
      ]
    },
    {
      "module": "module.tbastion_module",
      "mode": "managed",
      "type": "azurerm_bastion_host",
      "name": "tbastion26",
      "provider": "provider[\"registry.terraform.io/hashicorp/azurerm\"]",
      "instances": [
        {
          "schema_version": 0,
          "attributes": {
            "copy_paste_enabled": true,
            "dns_name": "bst-727113fe-a7b2-458a-a60b-6625c55c7858.bastion.azure.com",
            "file_copy_enabled": false,
            "id": "/subscriptions/a1077f3f-5356-42c5-85f8-509319827796/resourceGroups/trg261/providers/Microsoft.Network/bastionHosts/tbastion261",
            "ip_configuration": [
              {
                "name": "bastion_ip",
                "public_ip_address_id": "/subscriptions/a1077f3f-5356-42c5-85f8-509319827796/resourceGroups/trg261/providers/Microsoft.Network/publicIPAddresses/tpip261",
                "subnet_id": "/subscriptions/a1077f3f-5356-42c5-85f8-509319827796/resourceGroups/trg261/providers/Microsoft.Network/virtualNetworks/tvnet261/subnets/AzureBastionSubnet"
              }
            ],
            "ip_connect_enabled": false,
            "kerberos_enabled": false,
            "location": "centralindia",
            "name": "tbastion261",
            "resource_group_name": "trg261",
            "scale_units": 2,
            "shareable_link_enabled": false,
            "sku": "Basic",
            "tags": null,
            "timeouts": null,
            "tunneling_enabled": false,
            "virtual_network_id": ""
          },
          "sensitive_attributes": [],
          "private": "eyJlMmJmYjczMC1lY2FhLTExZTYtOGY4OC0zNDM2M2JjN2M0YzAiOnsiY3JlYXRlIjoxODAwMDAwMDAwMDAwLCJkZWxldGUiOjE4MDAwMDAwMDAwMDAsInJlYWQiOjMwMDAwMDAwMDAwMCwidXBkYXRlIjoxODAwMDAwMDAwMDAwfX0=",
          "dependencies": [
            "module.tbastion_module.data.azurerm_public_ip.bastionpip",
            "module.tbastion_module.data.azurerm_subnet.bastionsnetdata",
            "module.tpip_module.azurerm_public_ip.tpip26",
            "module.trg_module.azurerm_resource_group.trg27",
            "module.tsnet_module.azurerm_subnet.tsnet26",
            "module.tvnet_module.azurerm_virtual_network.tvnet26"
          ]
        }
      ]
    },
    {
      "module": "module.tpip_module",
      "mode": "managed",
      "type": "azurerm_public_ip",
      "name": "tpip26",
      "provider": "provider[\"registry.terraform.io/hashicorp/azurerm\"]",
      "instances": [
        {
          "index_key": "tpip261",
          "schema_version": 0,
          "attributes": {
            "allocation_method": "Static",
            "ddos_protection_mode": "VirtualNetworkInherited",
            "ddos_protection_plan_id": null,
            "domain_name_label": null,
            "edge_zone": "",
            "fqdn": null,
            "id": "/subscriptions/a1077f3f-5356-42c5-85f8-509319827796/resourceGroups/trg261/providers/Microsoft.Network/publicIPAddresses/tpip261",
            "idle_timeout_in_minutes": 4,
            "ip_address": "4.213.98.134",
            "ip_tags": null,
            "ip_version": "IPv4",
            "location": "centralindia",
            "name": "tpip261",
            "public_ip_prefix_id": null,
            "resource_group_name": "trg261",
            "reverse_fqdn": null,
            "sku": "Standard",
            "sku_tier": "Regional",
            "tags": null,
            "timeouts": null,
            "zones": null
          },
          "sensitive_attributes": [],
          "private": "eyJlMmJmYjczMC1lY2FhLTExZTYtOGY4OC0zNDM2M2JjN2M0YzAiOnsiY3JlYXRlIjoxODAwMDAwMDAwMDAwLCJkZWxldGUiOjE4MDAwMDAwMDAwMDAsInJlYWQiOjMwMDAwMDAwMDAwMCwidXBkYXRlIjoxODAwMDAwMDAwMDAwfX0=",
          "dependencies": [
            "module.trg_module.azurerm_resource_group.trg27",
            "module.tsnet_module.azurerm_subnet.tsnet26",
            "module.tvnet_module.azurerm_virtual_network.tvnet26"
          ]
        }
      ]
    },
    {
      "module": "module.trg_module",
      "mode": "managed",
      "type": "azurerm_resource_group",
      "name": "trg27",
      "provider": "provider[\"registry.terraform.io/hashicorp/azurerm\"]",
      "instances": [
        {
          "index_key": "trg261",
          "schema_version": 0,
          "attributes": {
            "id": "/subscriptions/a1077f3f-5356-42c5-85f8-509319827796/resourceGroups/trg261",
            "location": "centralindia",
            "managed_by": "",
            "name": "trg261",
            "tags": null,
            "timeouts": null
          },
          "sensitive_attributes": [],
          "private": "eyJlMmJmYjczMC1lY2FhLTExZTYtOGY4OC0zNDM2M2JjN2M0YzAiOnsiY3JlYXRlIjo1NDAwMDAwMDAwMDAwLCJkZWxldGUiOjU0MDAwMDAwMDAwMDAsInJlYWQiOjMwMDAwMDAwMDAwMCwidXBkYXRlIjo1NDAwMDAwMDAwMDAwfX0="
        }
      ]
    },
    {
      "module": "module.tsnet_module",
      "mode": "managed",
      "type": "azurerm_subnet",
      "name": "tsnet26",
      "provider": "provider[\"registry.terraform.io/hashicorp/azurerm\"]",
      "instances": [
        {
          "index_key": "AzureBastionSubnet",
          "schema_version": 0,
          "attributes": {
            "address_prefixes": [
              "10.172.2.0/26"
            ],
            "default_outbound_access_enabled": true,
            "delegation": [],
            "enforce_private_link_endpoint_network_policies": false,
            "enforce_private_link_service_network_policies": false,
            "id": "/subscriptions/a1077f3f-5356-42c5-85f8-509319827796/resourceGroups/trg261/providers/Microsoft.Network/virtualNetworks/tvnet261/subnets/AzureBastionSubnet",
            "name": "AzureBastionSubnet",
            "private_endpoint_network_policies": "Enabled",
            "private_endpoint_network_policies_enabled": true,
            "private_link_service_network_policies_enabled": true,
            "resource_group_name": "trg261",
            "service_endpoint_policy_ids": null,
            "service_endpoints": null,
            "timeouts": null,
            "virtual_network_name": "tvnet261"
          },
          "sensitive_attributes": [],
          "private": "eyJlMmJmYjczMC1lY2FhLTExZTYtOGY4OC0zNDM2M2JjN2M0YzAiOnsiY3JlYXRlIjoxODAwMDAwMDAwMDAwLCJkZWxldGUiOjE4MDAwMDAwMDAwMDAsInJlYWQiOjMwMDAwMDAwMDAwMCwidXBkYXRlIjoxODAwMDAwMDAwMDAwfX0=",
          "dependencies": [
            "module.trg_module.azurerm_resource_group.trg27",
            "module.tvnet_module.azurerm_virtual_network.tvnet26"
          ]
        },
        {
          "index_key": "tsnet261",
          "schema_version": 0,
          "attributes": {
            "address_prefixes": [
              "10.172.1.0/24"
            ],
            "default_outbound_access_enabled": true,
            "delegation": [],
            "enforce_private_link_endpoint_network_policies": false,
            "enforce_private_link_service_network_policies": false,
            "id": "/subscriptions/a1077f3f-5356-42c5-85f8-509319827796/resourceGroups/trg261/providers/Microsoft.Network/virtualNetworks/tvnet261/subnets/tsnet261",
            "name": "tsnet261",
            "private_endpoint_network_policies": "Enabled",
            "private_endpoint_network_policies_enabled": true,
            "private_link_service_network_policies_enabled": true,
            "resource_group_name": "trg261",
            "service_endpoint_policy_ids": null,
            "service_endpoints": null,
            "timeouts": null,
            "virtual_network_name": "tvnet261"
          },
          "sensitive_attributes": [],
          "private": "eyJlMmJmYjczMC1lY2FhLTExZTYtOGY4OC0zNDM2M2JjN2M0YzAiOnsiY3JlYXRlIjoxODAwMDAwMDAwMDAwLCJkZWxldGUiOjE4MDAwMDAwMDAwMDAsInJlYWQiOjMwMDAwMDAwMDAwMCwidXBkYXRlIjoxODAwMDAwMDAwMDAwfX0=",
          "dependencies": [
            "module.trg_module.azurerm_resource_group.trg27",
            "module.tvnet_module.azurerm_virtual_network.tvnet26"
          ]
        },
        {
          "index_key": "tsnet262",
          "schema_version": 0,
          "attributes": {
            "address_prefixes": [
              "10.172.3.0/24"
            ],
            "default_outbound_access_enabled": true,
            "delegation": [],
            "enforce_private_link_endpoint_network_policies": false,
            "enforce_private_link_service_network_policies": false,
            "id": "/subscriptions/a1077f3f-5356-42c5-85f8-509319827796/resourceGroups/trg261/providers/Microsoft.Network/virtualNetworks/tvnet261/subnets/tsnet262",
            "name": "tsnet262",
            "private_endpoint_network_policies": "Enabled",
            "private_endpoint_network_policies_enabled": true,
            "private_link_service_network_policies_enabled": true,
            "resource_group_name": "trg261",
            "service_endpoint_policy_ids": null,
            "service_endpoints": null,
            "timeouts": null,
            "virtual_network_name": "tvnet261"
          },
          "sensitive_attributes": [],
          "private": "eyJlMmJmYjczMC1lY2FhLTExZTYtOGY4OC0zNDM2M2JjN2M0YzAiOnsiY3JlYXRlIjoxODAwMDAwMDAwMDAwLCJkZWxldGUiOjE4MDAwMDAwMDAwMDAsInJlYWQiOjMwMDAwMDAwMDAwMCwidXBkYXRlIjoxODAwMDAwMDAwMDAwfX0=",
          "dependencies": [
            "module.trg_module.azurerm_resource_group.trg27",
            "module.tvnet_module.azurerm_virtual_network.tvnet26"
          ]
        }
      ]
    },
    {
      "module": "module.tvm_module",
      "mode": "data",
      "type": "azurerm_key_vault",
      "name": "vmvault26",
      "provider": "provider[\"registry.terraform.io/hashicorp/azurerm\"]",
      "instances": [
        {
          "schema_version": 0,
          "attributes": {
            "access_policy": [],
            "enable_rbac_authorization": true,
            "enabled_for_deployment": false,
            "enabled_for_disk_encryption": false,
            "enabled_for_template_deployment": false,
            "id": "/subscriptions/a1077f3f-5356-42c5-85f8-509319827796/resourceGroups/akrg/providers/Microsoft.KeyVault/vaults/akkey",
            "location": "westus",
            "name": "akkey",
            "network_acls": [],
            "public_network_access_enabled": true,
            "purge_protection_enabled": false,
            "resource_group_name": "akrg",
            "sku_name": "standard",
            "tags": {},
            "tenant_id": "1155ac88-8f50-4614-bbe3-cfe7d3fe9b0d",
            "timeouts": null,
            "vault_uri": "https://akkey.vault.azure.net/"
          },
          "sensitive_attributes": []
        }
      ]
    },
    {
      "module": "module.tvm_module",
      "mode": "data",
      "type": "azurerm_key_vault_secret",
      "name": "vmvault26password",
      "provider": "provider[\"registry.terraform.io/hashicorp/azurerm\"]",
      "instances": [
        {
          "schema_version": 0,
          "attributes": {
            "content_type": "",
            "expiration_date": null,
            "id": "https://akkey.vault.azure.net/secrets/vmpassword/b9fff50983e94cba9384ec2d40f9b35c",
            "key_vault_id": "/subscriptions/a1077f3f-5356-42c5-85f8-509319827796/resourceGroups/akrg/providers/Microsoft.KeyVault/vaults/akkey",
            "name": "vmpassword",
            "not_before_date": null,
            "resource_id": "/subscriptions/a1077f3f-5356-42c5-85f8-509319827796/resourceGroups/akrg/providers/Microsoft.KeyVault/vaults/akkey/secrets/vmpassword/versions/b9fff50983e94cba9384ec2d40f9b35c",
            "resource_versionless_id": "/subscriptions/a1077f3f-5356-42c5-85f8-509319827796/resourceGroups/akrg/providers/Microsoft.KeyVault/vaults/akkey/secrets/vmpassword",
            "tags": {},
            "timeouts": null,
            "value": "admin@123",
            "version": "b9fff50983e94cba9384ec2d40f9b35c",
            "versionless_id": "https://akkey.vault.azure.net/secrets/vmpassword"
          },
          "sensitive_attributes": [
            [
              {
                "type": "get_attr",
                "value": "value"
              }
            ]
          ]
        }
      ]
    },
    {
      "module": "module.tvm_module",
      "mode": "data",
      "type": "azurerm_key_vault_secret",
      "name": "vmvaultusername",
      "provider": "provider[\"registry.terraform.io/hashicorp/azurerm\"]",
      "instances": [
        {
          "schema_version": 0,
          "attributes": {
            "content_type": "",
            "expiration_date": null,
            "id": "https://akkey.vault.azure.net/secrets/vmusername/61aa6e49c3c143aeb9080b0f93074e26",
            "key_vault_id": "/subscriptions/a1077f3f-5356-42c5-85f8-509319827796/resourceGroups/akrg/providers/Microsoft.KeyVault/vaults/akkey",
            "name": "vmusername",
            "not_before_date": null,
            "resource_id": "/subscriptions/a1077f3f-5356-42c5-85f8-509319827796/resourceGroups/akrg/providers/Microsoft.KeyVault/vaults/akkey/secrets/vmusername/versions/61aa6e49c3c143aeb9080b0f93074e26",
            "resource_versionless_id": "/subscriptions/a1077f3f-5356-42c5-85f8-509319827796/resourceGroups/akrg/providers/Microsoft.KeyVault/vaults/akkey/secrets/vmusername",
            "tags": {},
            "timeouts": null,
            "value": "admin123",
            "version": "61aa6e49c3c143aeb9080b0f93074e26",
            "versionless_id": "https://akkey.vault.azure.net/secrets/vmusername"
          },
          "sensitive_attributes": [
            [
              {
                "type": "get_attr",
                "value": "value"
              }
            ]
          ]
        }
      ]
    },
    {
      "module": "module.tvm_module",
      "mode": "data",
      "type": "azurerm_subnet",
      "name": "nicsubnet",
      "provider": "provider[\"registry.terraform.io/hashicorp/azurerm\"]",
      "instances": [
        {
          "index_key": "vm1",
          "schema_version": 0,
          "attributes": {
            "address_prefix": "10.172.1.0/24",
            "address_prefixes": [
              "10.172.1.0/24"
            ],
            "default_outbound_access_enabled": true,
            "enforce_private_link_endpoint_network_policies": false,
            "enforce_private_link_service_network_policies": false,
            "id": "/subscriptions/a1077f3f-5356-42c5-85f8-509319827796/resourceGroups/trg261/providers/Microsoft.Network/virtualNetworks/tvnet261/subnets/tsnet261",
            "name": "tsnet261",
            "network_security_group_id": "",
            "private_endpoint_network_policies": "Enabled",
            "private_endpoint_network_policies_enabled": true,
            "private_link_service_network_policies_enabled": true,
            "resource_group_name": "trg261",
            "route_table_id": "",
            "service_endpoints": [],
            "timeouts": null,
            "virtual_network_name": "tvnet261"
          },
          "sensitive_attributes": []
        },
        {
          "index_key": "vm2",
          "schema_version": 0,
          "attributes": {
            "address_prefix": "10.172.3.0/24",
            "address_prefixes": [
              "10.172.3.0/24"
            ],
            "default_outbound_access_enabled": true,
            "enforce_private_link_endpoint_network_policies": false,
            "enforce_private_link_service_network_policies": false,
            "id": "/subscriptions/a1077f3f-5356-42c5-85f8-509319827796/resourceGroups/trg261/providers/Microsoft.Network/virtualNetworks/tvnet261/subnets/tsnet262",
            "name": "tsnet262",
            "network_security_group_id": "",
            "private_endpoint_network_policies": "Enabled",
            "private_endpoint_network_policies_enabled": true,
            "private_link_service_network_policies_enabled": true,
            "resource_group_name": "trg261",
            "route_table_id": "",
            "service_endpoints": [],
            "timeouts": null,
            "virtual_network_name": "tvnet261"
          },
          "sensitive_attributes": []
        }
      ]
    },
    {
      "module": "module.tvm_module",
      "mode": "managed",
      "type": "azurerm_linux_virtual_machine",
      "name": "tvm26",
      "provider": "provider[\"registry.terraform.io/hashicorp/azurerm\"]",
      "instances": [
        {
          "index_key": "vm1",
          "schema_version": 0,
          "attributes": {
            "additional_capabilities": [],
            "admin_password": "admin@123",
            "admin_ssh_key": [],
            "admin_username": "admin123",
            "allow_extension_operations": true,
            "availability_set_id": "",
            "boot_diagnostics": [],
            "bypass_platform_safety_checks_on_user_schedule_enabled": false,
            "capacity_reservation_group_id": "",
            "computer_name": "vm1",
            "custom_data": null,
            "dedicated_host_group_id": "",
            "dedicated_host_id": "",
            "disable_password_authentication": false,
            "disk_controller_type": "",
            "edge_zone": "",
            "encryption_at_host_enabled": false,
            "eviction_policy": "",
            "extensions_time_budget": "PT1H30M",
            "gallery_application": [],
            "id": "/subscriptions/a1077f3f-5356-42c5-85f8-509319827796/resourceGroups/trg261/providers/Microsoft.Compute/virtualMachines/vm1",
            "identity": [],
            "license_type": "",
            "location": "centralindia",
            "max_bid_price": -1,
            "name": "vm1",
            "network_interface_ids": [
              "/subscriptions/a1077f3f-5356-42c5-85f8-509319827796/resourceGroups/trg261/providers/Microsoft.Network/networkInterfaces/tnic261"
            ],
            "os_disk": [
              {
                "caching": "ReadWrite",
                "diff_disk_settings": [],
                "disk_encryption_set_id": "",
                "disk_size_gb": 30,
                "name": "vm1_disk1_7251fd35e78d49e6af45d91f1eef0de2",
                "secure_vm_disk_encryption_set_id": "",
                "security_encryption_type": "",
                "storage_account_type": "Standard_LRS",
                "write_accelerator_enabled": false
              }
            ],
            "os_image_notification": [],
            "patch_assessment_mode": "ImageDefault",
            "patch_mode": "ImageDefault",
            "plan": [],
            "platform_fault_domain": -1,
            "priority": "Regular",
            "private_ip_address": "10.172.1.4",
            "private_ip_addresses": [
              "10.172.1.4"
            ],
            "provision_vm_agent": true,
            "proximity_placement_group_id": "",
            "public_ip_address": "",
            "public_ip_addresses": [],
            "reboot_setting": "",
            "resource_group_name": "trg261",
            "secret": [],
            "secure_boot_enabled": false,
            "size": "Standard_F2",
            "source_image_id": "",
            "source_image_reference": [
              {
                "offer": "0001-com-ubuntu-server-jammy",
                "publisher": "Canonical",
                "sku": "22_04-lts",
                "version": "latest"
              }
            ],
            "tags": null,
            "termination_notification": null,
            "timeouts": null,
            "user_data": "",
            "virtual_machine_id": "456ab07b-c27a-4c99-b472-d24fdc3ed98f",
            "virtual_machine_scale_set_id": "",
            "vm_agent_platform_updates_enabled": false,
            "vtpm_enabled": false,
            "zone": ""
          },
          "sensitive_attributes": [
            [
              {
                "type": "get_attr",
                "value": "admin_username"
              }
            ],
            [
              {
                "type": "get_attr",
                "value": "custom_data"
              }
            ],
            [
              {
                "type": "get_attr",
                "value": "admin_password"
              }
            ]
          ],
          "private": "eyJlMmJmYjczMC1lY2FhLTExZTYtOGY4OC0zNDM2M2JjN2M0YzAiOnsiY3JlYXRlIjoyNzAwMDAwMDAwMDAwLCJkZWxldGUiOjI3MDAwMDAwMDAwMDAsInJlYWQiOjMwMDAwMDAwMDAwMCwidXBkYXRlIjoyNzAwMDAwMDAwMDAwfX0=",
          "dependencies": [
            "module.tbastion_module.azurerm_bastion_host.tbastion26",
            "module.tbastion_module.data.azurerm_public_ip.bastionpip",
            "module.tbastion_module.data.azurerm_subnet.bastionsnetdata",
            "module.tpip_module.azurerm_public_ip.tpip26",
            "module.trg_module.azurerm_resource_group.trg27",
            "module.tsnet_module.azurerm_subnet.tsnet26",
            "module.tvm_module.azurerm_network_interface.tnic26",
            "module.tvm_module.data.azurerm_key_vault.vmvault26",
            "module.tvm_module.data.azurerm_key_vault_secret.vmvault26password",
            "module.tvm_module.data.azurerm_key_vault_secret.vmvaultusername",
            "module.tvm_module.data.azurerm_subnet.nicsubnet",
            "module.tvnet_module.azurerm_virtual_network.tvnet26"
          ]
        },
        {
          "index_key": "vm2",
          "schema_version": 0,
          "attributes": {
            "additional_capabilities": [],
            "admin_password": "admin@123",
            "admin_ssh_key": [],
            "admin_username": "admin123",
            "allow_extension_operations": true,
            "availability_set_id": "",
            "boot_diagnostics": [],
            "bypass_platform_safety_checks_on_user_schedule_enabled": false,
            "capacity_reservation_group_id": "",
            "computer_name": "vm2",
            "custom_data": null,
            "dedicated_host_group_id": "",
            "dedicated_host_id": "",
            "disable_password_authentication": false,
            "disk_controller_type": "",
            "edge_zone": "",
            "encryption_at_host_enabled": false,
            "eviction_policy": "",
            "extensions_time_budget": "PT1H30M",
            "gallery_application": [],
            "id": "/subscriptions/a1077f3f-5356-42c5-85f8-509319827796/resourceGroups/trg261/providers/Microsoft.Compute/virtualMachines/vm2",
            "identity": [],
            "license_type": "",
            "location": "centralindia",
            "max_bid_price": -1,
            "name": "vm2",
            "network_interface_ids": [
              "/subscriptions/a1077f3f-5356-42c5-85f8-509319827796/resourceGroups/trg261/providers/Microsoft.Network/networkInterfaces/tnic262"
            ],
            "os_disk": [
              {
                "caching": "ReadWrite",
                "diff_disk_settings": [],
                "disk_encryption_set_id": "",
                "disk_size_gb": 30,
                "name": "vm2_disk1_7b4f49fccd294121a2eeeed1c19b3f32",
                "secure_vm_disk_encryption_set_id": "",
                "security_encryption_type": "",
                "storage_account_type": "Standard_LRS",
                "write_accelerator_enabled": false
              }
            ],
            "os_image_notification": [],
            "patch_assessment_mode": "ImageDefault",
            "patch_mode": "ImageDefault",
            "plan": [],
            "platform_fault_domain": -1,
            "priority": "Regular",
            "private_ip_address": "10.172.3.4",
            "private_ip_addresses": [
              "10.172.3.4"
            ],
            "provision_vm_agent": true,
            "proximity_placement_group_id": "",
            "public_ip_address": "",
            "public_ip_addresses": [],
            "reboot_setting": "",
            "resource_group_name": "trg261",
            "secret": [],
            "secure_boot_enabled": false,
            "size": "Standard_F2",
            "source_image_id": "",
            "source_image_reference": [
              {
                "offer": "0001-com-ubuntu-server-jammy",
                "publisher": "Canonical",
                "sku": "22_04-lts",
                "version": "latest"
              }
            ],
            "tags": null,
            "termination_notification": null,
            "timeouts": null,
            "user_data": "",
            "virtual_machine_id": "5e81cce0-8ea1-4f52-a36f-ea9c4b596d38",
            "virtual_machine_scale_set_id": "",
            "vm_agent_platform_updates_enabled": false,
            "vtpm_enabled": false,
            "zone": ""
          },
          "sensitive_attributes": [
            [
              {
                "type": "get_attr",
                "value": "custom_data"
              }
            ],
            [
              {
                "type": "get_attr",
                "value": "admin_username"
              }
            ],
            [
              {
                "type": "get_attr",
                "value": "admin_password"
              }
            ]
          ],
          "private": "eyJlMmJmYjczMC1lY2FhLTExZTYtOGY4OC0zNDM2M2JjN2M0YzAiOnsiY3JlYXRlIjoyNzAwMDAwMDAwMDAwLCJkZWxldGUiOjI3MDAwMDAwMDAwMDAsInJlYWQiOjMwMDAwMDAwMDAwMCwidXBkYXRlIjoyNzAwMDAwMDAwMDAwfX0=",
          "dependencies": [
            "module.tbastion_module.azurerm_bastion_host.tbastion26",
            "module.tbastion_module.data.azurerm_public_ip.bastionpip",
            "module.tbastion_module.data.azurerm_subnet.bastionsnetdata",
            "module.tpip_module.azurerm_public_ip.tpip26",
            "module.trg_module.azurerm_resource_group.trg27",
            "module.tsnet_module.azurerm_subnet.tsnet26",
            "module.tvm_module.azurerm_network_interface.tnic26",
            "module.tvm_module.data.azurerm_key_vault.vmvault26",
            "module.tvm_module.data.azurerm_key_vault_secret.vmvault26password",
            "module.tvm_module.data.azurerm_key_vault_secret.vmvaultusername",
            "module.tvm_module.data.azurerm_subnet.nicsubnet",
            "module.tvnet_module.azurerm_virtual_network.tvnet26"
          ]
        }
      ]
    },
    {
      "module": "module.tvm_module",
      "mode": "managed",
      "type": "azurerm_network_interface",
      "name": "tnic26",
      "provider": "provider[\"registry.terraform.io/hashicorp/azurerm\"]",
      "instances": [
        {
          "index_key": "vm1",
          "schema_version": 0,
          "attributes": {
            "accelerated_networking_enabled": false,
            "applied_dns_servers": [],
            "auxiliary_mode": "",
            "auxiliary_sku": "",
            "dns_servers": [],
            "edge_zone": "",
            "enable_accelerated_networking": false,
            "enable_ip_forwarding": false,
            "id": "/subscriptions/a1077f3f-5356-42c5-85f8-509319827796/resourceGroups/trg261/providers/Microsoft.Network/networkInterfaces/tnic261",
            "internal_dns_name_label": "",
            "internal_domain_name_suffix": "2yv4gmc1onderlurc35laxo2sg.rx.internal.cloudapp.net",
            "ip_configuration": [
              {
                "gateway_load_balancer_frontend_ip_configuration_id": "",
                "name": "nicip",
                "primary": true,
                "private_ip_address": "10.172.1.4",
                "private_ip_address_allocation": "Dynamic",
                "private_ip_address_version": "IPv4",
                "public_ip_address_id": "",
                "subnet_id": "/subscriptions/a1077f3f-5356-42c5-85f8-509319827796/resourceGroups/trg261/providers/Microsoft.Network/virtualNetworks/tvnet261/subnets/tsnet261"
              }
            ],
            "ip_forwarding_enabled": false,
            "location": "centralindia",
            "mac_address": "",
            "name": "tnic261",
            "private_ip_address": "10.172.1.4",
            "private_ip_addresses": [
              "10.172.1.4"
            ],
            "resource_group_name": "trg261",
            "tags": null,
            "timeouts": null,
            "virtual_machine_id": ""
          },
          "sensitive_attributes": [],
          "private": "eyJlMmJmYjczMC1lY2FhLTExZTYtOGY4OC0zNDM2M2JjN2M0YzAiOnsiY3JlYXRlIjoxODAwMDAwMDAwMDAwLCJkZWxldGUiOjE4MDAwMDAwMDAwMDAsInJlYWQiOjMwMDAwMDAwMDAwMCwidXBkYXRlIjoxODAwMDAwMDAwMDAwfX0=",
          "dependencies": [
            "module.tbastion_module.azurerm_bastion_host.tbastion26",
            "module.tbastion_module.data.azurerm_public_ip.bastionpip",
            "module.tbastion_module.data.azurerm_subnet.bastionsnetdata",
            "module.tpip_module.azurerm_public_ip.tpip26",
            "module.trg_module.azurerm_resource_group.trg27",
            "module.tsnet_module.azurerm_subnet.tsnet26",
            "module.tvm_module.data.azurerm_subnet.nicsubnet",
            "module.tvnet_module.azurerm_virtual_network.tvnet26"
          ]
        },
        {
          "index_key": "vm2",
          "schema_version": 0,
          "attributes": {
            "accelerated_networking_enabled": false,
            "applied_dns_servers": [],
            "auxiliary_mode": "",
            "auxiliary_sku": "",
            "dns_servers": [],
            "edge_zone": "",
            "enable_accelerated_networking": false,
            "enable_ip_forwarding": false,
            "id": "/subscriptions/a1077f3f-5356-42c5-85f8-509319827796/resourceGroups/trg261/providers/Microsoft.Network/networkInterfaces/tnic262",
            "internal_dns_name_label": "",
            "internal_domain_name_suffix": "2yv4gmc1onderlurc35laxo2sg.rx.internal.cloudapp.net",
            "ip_configuration": [
              {
                "gateway_load_balancer_frontend_ip_configuration_id": "",
                "name": "nicip",
                "primary": true,
                "private_ip_address": "10.172.3.4",
                "private_ip_address_allocation": "Dynamic",
                "private_ip_address_version": "IPv4",
                "public_ip_address_id": "",
                "subnet_id": "/subscriptions/a1077f3f-5356-42c5-85f8-509319827796/resourceGroups/trg261/providers/Microsoft.Network/virtualNetworks/tvnet261/subnets/tsnet262"
              }
            ],
            "ip_forwarding_enabled": false,
            "location": "centralindia",
            "mac_address": "",
            "name": "tnic262",
            "private_ip_address": "10.172.3.4",
            "private_ip_addresses": [
              "10.172.3.4"
            ],
            "resource_group_name": "trg261",
            "tags": null,
            "timeouts": null,
            "virtual_machine_id": ""
          },
          "sensitive_attributes": [],
          "private": "eyJlMmJmYjczMC1lY2FhLTExZTYtOGY4OC0zNDM2M2JjN2M0YzAiOnsiY3JlYXRlIjoxODAwMDAwMDAwMDAwLCJkZWxldGUiOjE4MDAwMDAwMDAwMDAsInJlYWQiOjMwMDAwMDAwMDAwMCwidXBkYXRlIjoxODAwMDAwMDAwMDAwfX0=",
          "dependencies": [
            "module.tbastion_module.azurerm_bastion_host.tbastion26",
            "module.tbastion_module.data.azurerm_public_ip.bastionpip",
            "module.tbastion_module.data.azurerm_subnet.bastionsnetdata",
            "module.tpip_module.azurerm_public_ip.tpip26",
            "module.trg_module.azurerm_resource_group.trg27",
            "module.tsnet_module.azurerm_subnet.tsnet26",
            "module.tvm_module.data.azurerm_subnet.nicsubnet",
            "module.tvnet_module.azurerm_virtual_network.tvnet26"
          ]
        }
      ]
    },
    {
      "module": "module.tvnet_module",
      "mode": "managed",
      "type": "azurerm_virtual_network",
      "name": "tvnet26",
      "provider": "provider[\"registry.terraform.io/hashicorp/azurerm\"]",
      "instances": [
        {
          "index_key": "tvnet261",
          "schema_version": 0,
          "attributes": {
            "address_space": [
              "10.172.0.0/16"
            ],
            "bgp_community": "",
            "ddos_protection_plan": [],
            "dns_servers": [],
            "edge_zone": "",
            "encryption": [],
            "flow_timeout_in_minutes": 0,
            "guid": "30e32be6-735b-4846-ae91-177eb05ddc96",
            "id": "/subscriptions/a1077f3f-5356-42c5-85f8-509319827796/resourceGroups/trg261/providers/Microsoft.Network/virtualNetworks/tvnet261",
            "location": "centralindia",
            "name": "tvnet261",
            "resource_group_name": "trg261",
            "subnet": [],
            "tags": null,
            "timeouts": null
          },
          "sensitive_attributes": [],
          "private": "eyJlMmJmYjczMC1lY2FhLTExZTYtOGY4OC0zNDM2M2JjN2M0YzAiOnsiY3JlYXRlIjoxODAwMDAwMDAwMDAwLCJkZWxldGUiOjE4MDAwMDAwMDAwMDAsInJlYWQiOjMwMDAwMDAwMDAwMCwidXBkYXRlIjoxODAwMDAwMDAwMDAwfX0=",
          "dependencies": [
            "module.trg_module.azurerm_resource_group.trg27"
          ]
        }
      ]
    }
  ],
  "check_results": null
}
